
Microsoft Visual Studio Solution File, Format Version 12.00
# Visual Studio Version 16
VisualStudioVersion = 16.0.30907.101
MinimumVisualStudioVersion = 10.0.40219.1
Project("{8BC9CEB8-8B4A-11D0-8D11-00A0C91BC942}") = "2021_practice_round_hash", "2021_practice_round_hash\2021_practice_round_hash.vcxproj", "{033A3F98-9C73-4A8D-AC34-1CC638431CD8}"
EndProject
Global
	GlobalSection(SolutionConfigurationPlatforms) = preSolution
		Debug|x64 = Debug|x64
		Debug|x86 = Debug|x86
		Release|x64 = Release|x64
		Release|x86 = Release|x86
	EndGlobalSection
	GlobalSection(ProjectConfigurationPlatforms) = postSolution
		{033A3F98-9C73-4A8D-AC34-1CC638431CD8}.Debug|x64.ActiveCfg = Debug|x64
		{033A3F98-9C73-4A8D-AC34-1CC638431CD8}.Debug|x64.Build.0 = Debug|x64
		{033A3F98-9C73-4A8D-AC34-1CC638431CD8}.Debug|x86.ActiveCfg = Debug|Win32
		{033A3F98-9C73-4A8D-AC34-1CC638431CD8}.Debug|x86.Build.0 = Debug|Win32
		{033A3F98-9C73-4A8D-AC34-1CC638431CD8}.Release|x64.ActiveCfg = Release|x64
		{033A3F98-9C73-4A8D-AC34-1CC638431CD8}.Release|x64.Build.0 = Release|x64
		{033A3F98-9C73-4A8D-AC34-1CC638431CD8}.Release|x86.ActiveCfg = Release|Win32
		{033A3F98-9C73-4A8D-AC34-1CC638431CD8}.Release|x86.Build.0 = Release|Win32
	EndGlobalSection
	GlobalSection(SolutionProperties) = preSolution
		HideSolutionNode = FALSE
	EndGlobalSection
	GlobalSection(ExtensibilityGlobals) = postSolution
		SolutionGuid = {B7CD7911-A774-40BF-A8FC-D39E6C80EE20}
	EndGlobalSection
EndGlobal
